
Microsoft Visual Studio Solution File, Format Version 12.00
# Visual Studio 15
VisualStudioVersion = 15.0.26124.0
MinimumVisualStudioVersion = 15.0.26124.0
Project("{FAE04EC0-301F-11D3-BF4B-00C04F79EFBC}") = "API", "API\API.csproj", "{CF0F001D-173B-4D80-ABA6-B894A22E8F23}"
EndProject
Project("{FAE04EC0-301F-11D3-BF4B-00C04F79EFBC}") = "Core", "Core\Core.csproj", "{11A9A3F5-6EA5-4B84-B53E-FF38176923D7}"
EndProject
Project("{FAE04EC0-301F-11D3-BF4B-00C04F79EFBC}") = "Infrastructure", "Infrastructure\Infrastructure.csproj", "{B3B51637-B25E-459D-A9D0-B19D2B0886DA}"
EndProject
Global
	GlobalSection(SolutionConfigurationPlatforms) = preSolution
		Debug|Any CPU = Debug|Any CPU
		Debug|x64 = Debug|x64
		Debug|x86 = Debug|x86
		Release|Any CPU = Release|Any CPU
		Release|x64 = Release|x64
		Release|x86 = Release|x86
	EndGlobalSection
	GlobalSection(SolutionProperties) = preSolution
		HideSolutionNode = FALSE
	EndGlobalSection
	GlobalSection(ProjectConfigurationPlatforms) = postSolution
		{CF0F001D-173B-4D80-ABA6-B894A22E8F23}.Debug|Any CPU.ActiveCfg = Debug|Any CPU
		{CF0F001D-173B-4D80-ABA6-B894A22E8F23}.Debug|Any CPU.Build.0 = Debug|Any CPU
		{CF0F001D-173B-4D80-ABA6-B894A22E8F23}.Debug|x64.ActiveCfg = Debug|Any CPU
		{CF0F001D-173B-4D80-ABA6-B894A22E8F23}.Debug|x64.Build.0 = Debug|Any CPU
		{CF0F001D-173B-4D80-ABA6-B894A22E8F23}.Debug|x86.ActiveCfg = Debug|Any CPU
		{CF0F001D-173B-4D80-ABA6-B894A22E8F23}.Debug|x86.Build.0 = Debug|Any CPU
		{CF0F001D-173B-4D80-ABA6-B894A22E8F23}.Release|Any CPU.ActiveCfg = Release|Any CPU
		{CF0F001D-173B-4D80-ABA6-B894A22E8F23}.Release|Any CPU.Build.0 = Release|Any CPU
		{CF0F001D-173B-4D80-ABA6-B894A22E8F23}.Release|x64.ActiveCfg = Release|Any CPU
		{CF0F001D-173B-4D80-ABA6-B894A22E8F23}.Release|x64.Build.0 = Release|Any CPU
		{CF0F001D-173B-4D80-ABA6-B894A22E8F23}.Release|x86.ActiveCfg = Release|Any CPU
		{CF0F001D-173B-4D80-ABA6-B894A22E8F23}.Release|x86.Build.0 = Release|Any CPU
		{11A9A3F5-6EA5-4B84-B53E-FF38176923D7}.Debug|Any CPU.ActiveCfg = Debug|Any CPU
		{11A9A3F5-6EA5-4B84-B53E-FF38176923D7}.Debug|Any CPU.Build.0 = Debug|Any CPU
		{11A9A3F5-6EA5-4B84-B53E-FF38176923D7}.Debug|x64.ActiveCfg = Debug|Any CPU
		{11A9A3F5-6EA5-4B84-B53E-FF38176923D7}.Debug|x64.Build.0 = Debug|Any CPU
		{11A9A3F5-6EA5-4B84-B53E-FF38176923D7}.Debug|x86.ActiveCfg = Debug|Any CPU
		{11A9A3F5-6EA5-4B84-B53E-FF38176923D7}.Debug|x86.Build.0 = Debug|Any CPU
		{11A9A3F5-6EA5-4B84-B53E-FF38176923D7}.Release|Any CPU.ActiveCfg = Release|Any CPU
		{11A9A3F5-6EA5-4B84-B53E-FF38176923D7}.Release|Any CPU.Build.0 = Release|Any CPU
		{11A9A3F5-6EA5-4B84-B53E-FF38176923D7}.Release|x64.ActiveCfg = Release|Any CPU
		{11A9A3F5-6EA5-4B84-B53E-FF38176923D7}.Release|x64.Build.0 = Release|Any CPU
		{11A9A3F5-6EA5-4B84-B53E-FF38176923D7}.Release|x86.ActiveCfg = Release|Any CPU
		{11A9A3F5-6EA5-4B84-B53E-FF38176923D7}.Release|x86.Build.0 = Release|Any CPU
		{B3B51637-B25E-459D-A9D0-B19D2B0886DA}.Debug|Any CPU.ActiveCfg = Debug|Any CPU
		{B3B51637-B25E-459D-A9D0-B19D2B0886DA}.Debug|Any CPU.Build.0 = Debug|Any CPU
		{B3B51637-B25E-459D-A9D0-B19D2B0886DA}.Debug|x64.ActiveCfg = Debug|Any CPU
		{B3B51637-B25E-459D-A9D0-B19D2B0886DA}.Debug|x64.Build.0 = Debug|Any CPU
		{B3B51637-B25E-459D-A9D0-B19D2B0886DA}.Debug|x86.ActiveCfg = Debug|Any CPU
		{B3B51637-B25E-459D-A9D0-B19D2B0886DA}.Debug|x86.Build.0 = Debug|Any CPU
		{B3B51637-B25E-459D-A9D0-B19D2B0886DA}.Release|Any CPU.ActiveCfg = Release|Any CPU
		{B3B51637-B25E-459D-A9D0-B19D2B0886DA}.Release|Any CPU.Build.0 = Release|Any CPU
		{B3B51637-B25E-459D-A9D0-B19D2B0886DA}.Release|x64.ActiveCfg = Release|Any CPU
		{B3B51637-B25E-459D-A9D0-B19D2B0886DA}.Release|x64.Build.0 = Release|Any CPU
		{B3B51637-B25E-459D-A9D0-B19D2B0886DA}.Release|x86.ActiveCfg = Release|Any CPU
		{B3B51637-B25E-459D-A9D0-B19D2B0886DA}.Release|x86.Build.0 = Release|Any CPU
	EndGlobalSection
EndGlobal
